
Microsoft Visual Studio Solution File, Format Version 12.00
# Visual Studio Version 16
VisualStudioVersion = 16.0.30320.27
MinimumVisualStudioVersion = 10.0.40219.1
Project("{9A19103F-16F7-4668-BE54-9A1E7A4F7556}") = "BlazingPizza.Server", "BlazingPizza\Server\BlazingPizza.Server.csproj", "{1F9EFF8C-F6E4-4502-A401-738549281B7E}"
EndProject
Project("{9A19103F-16F7-4668-BE54-9A1E7A4F7556}") = "BlazingPizza.Client", "BlazingPizza\Client\BlazingPizza.Client.csproj", "{AA5D4BC7-D619-43B6-9CB5-C20EF9CED32E}"
EndProject
Project("{9A19103F-16F7-4668-BE54-9A1E7A4F7556}") = "BlazingPizza.Shared", "BlazingPizza\Shared\BlazingPizza.Shared.csproj", "{CD4FDC4A-877A-406B-A0FA-2632F8163739}"
EndProject
Global
	GlobalSection(SolutionConfigurationPlatforms) = preSolution
		Debug|Any CPU = Debug|Any CPU
		Release|Any CPU = Release|Any CPU
	EndGlobalSection
	GlobalSection(ProjectConfigurationPlatforms) = postSolution
		{1F9EFF8C-F6E4-4502-A401-738549281B7E}.Debug|Any CPU.ActiveCfg = Debug|Any CPU
		{1F9EFF8C-F6E4-4502-A401-738549281B7E}.Debug|Any CPU.Build.0 = Debug|Any CPU
		{1F9EFF8C-F6E4-4502-A401-738549281B7E}.Release|Any CPU.ActiveCfg = Release|Any CPU
		{1F9EFF8C-F6E4-4502-A401-738549281B7E}.Release|Any CPU.Build.0 = Release|Any CPU
		{AA5D4BC7-D619-43B6-9CB5-C20EF9CED32E}.Debug|Any CPU.ActiveCfg = Debug|Any CPU
		{AA5D4BC7-D619-43B6-9CB5-C20EF9CED32E}.Debug|Any CPU.Build.0 = Debug|Any CPU
		{AA5D4BC7-D619-43B6-9CB5-C20EF9CED32E}.Release|Any CPU.ActiveCfg = Release|Any CPU
		{AA5D4BC7-D619-43B6-9CB5-C20EF9CED32E}.Release|Any CPU.Build.0 = Release|Any CPU
		{CD4FDC4A-877A-406B-A0FA-2632F8163739}.Debug|Any CPU.ActiveCfg = Debug|Any CPU
		{CD4FDC4A-877A-406B-A0FA-2632F8163739}.Debug|Any CPU.Build.0 = Debug|Any CPU
		{CD4FDC4A-877A-406B-A0FA-2632F8163739}.Release|Any CPU.ActiveCfg = Release|Any CPU
		{CD4FDC4A-877A-406B-A0FA-2632F8163739}.Release|Any CPU.Build.0 = Release|Any CPU
	EndGlobalSection
	GlobalSection(SolutionProperties) = preSolution
		HideSolutionNode = FALSE
	EndGlobalSection
	GlobalSection(ExtensibilityGlobals) = postSolution
		SolutionGuid = {A2E5B253-BAB3-4162-9CD2-D6FCC0BE1631}
	EndGlobalSection
EndGlobal
